{
  "nodes": {
    "flake-parts": {
      "inputs": {
        "nixpkgs-lib": [
          "neovim-nightly",
          "nixpkgs"
        ]
      },
      "locked": {
        "lastModified": 1769996383,
        "narHash": "sha256-AnYjnFWgS49RlqX7LrC4uA+sCCDBj0Ry/WOJ5XWAsa0=",
        "owner": "hercules-ci",
        "repo": "flake-parts",
        "rev": "57928607ea566b5db3ad13af0e57e921e6b12381",
        "type": "github"
      },
      "original": {
        "owner": "hercules-ci",
        "repo": "flake-parts",
        "type": "github"
      }
    },
    "gift-wrap": {
      "inputs": {
        "nixpkgs": [
          "nixpkgs"
        ]
      },
      "locked": {
        "lastModified": 1770937279,
        "narHash": "sha256-ErfbJi1Hfk9Db/Pp1z2rSJZzFADD9gmWzozTIsos9a0=",
        "owner": "tgirlcloud",
        "repo": "gift-wrap",
        "rev": "336742742587931d0dc974e5b706f01a27106c64",
        "type": "github"
      },
      "original": {
        "owner": "tgirlcloud",
        "repo": "gift-wrap",
        "type": "github"
      }
    },
    "neovim-nightly": {
      "inputs": {
        "flake-parts": "flake-parts",
        "neovim-src": "neovim-src",
        "nixpkgs": [
          "nixpkgs"
        ]
      },
      "locked": {
        "lastModified": 1771805129,
        "narHash": "sha256-jImy2muXQakAQZMnnuB4hrv3LAs9A4QJ27QRC5t2uyg=",
        "owner": "nix-community",
        "repo": "neovim-nightly-overlay",
        "rev": "22b5739bd49f70630d038d727e3336a8ab2968aa",
        "type": "github"
      },
      "original": {
        "owner": "nix-community",
        "repo": "neovim-nightly-overlay",
        "type": "github"
      }
    },
    "neovim-src": {
      "flake": false,
      "locked": {
        "lastModified": 1771804826,
        "narHash": "sha256-WuhN3URlw/F1qAgL4pbYqM1Q0GU/N5RfLaluamI7x/A=",
        "owner": "neovim",
        "repo": "neovim",
        "rev": "14fe370564367ef4d600d3179e15fc269b0183c5",
        "type": "github"
      },
      "original": {
        "owner": "neovim",
        "repo": "neovim",
        "type": "github"
      }
    },
    "nixpkgs": {
      "locked": {
        "lastModified": 1771369470,
        "narHash": "sha256-QuLskcmhZmccr+kp9DhjrH7AkFvA9mf+dZdOQfNq/KI=",
        "rev": "0182a361324364ae3f436a63005877674cf45efb",
        "type": "tarball",
        "url": "https://releases.nixos.org/nixos/unstable/nixos-26.05pre948083.0182a3613243/nixexprs.tar.xz?lastModified=1771369470&rev=0182a361324364ae3f436a63005877674cf45efb"
      },
      "original": {
        "type": "tarball",
        "url": "https://channels.nixos.org/nixos-unstable/nixexprs.tar.xz"
      }
    },
    "root": {
      "inputs": {
        "gift-wrap": "gift-wrap",
        "neovim-nightly": "neovim-nightly",
        "nixpkgs": "nixpkgs"
      }
    }
  },
  "root": "root",
  "version": 7
}
